// !$*UTF8*$!
{
	archiveVersion = 1;
	classes = {
	};
	objectVersion = 46;
	objects = {

/* Begin PBXBuildFile section */
		7C040B0C1CEA7987000FC5C1 /* LoginViewController.m in Sources */ = {isa = PBXBuildFile; fileRef = 7C040B0B1CEA7987000FC5C1 /* LoginViewController.m */; };
		7C040B0F1CEA7997000FC5C1 /* LoginView.m in Sources */ = {isa = PBXBuildFile; fileRef = 7C040B0E1CEA7997000FC5C1 /* LoginView.m */; };
		7C040B131CEB73A9000FC5C1 /* CreateRaceViewController.m in Sources */ = {isa = PBXBuildFile; fileRef = 7C040B121CEB73A9000FC5C1 /* CreateRaceViewController.m */; };
		7C040B161CEB73BA000FC5C1 /* CreateRaceView.m in Sources */ = {isa = PBXBuildFile; fileRef = 7C040B151CEB73BA000FC5C1 /* CreateRaceView.m */; };
		7C040B1A1CECB314000FC5C1 /* CreateRace2StepView.m in Sources */ = {isa = PBXBuildFile; fileRef = 7C040B191CECB314000FC5C1 /* CreateRace2StepView.m */; };
		7C040B1D1CECB327000FC5C1 /* CreateRace2StepViewController.m in Sources */ = {isa = PBXBuildFile; fileRef = 7C040B1C1CECB327000FC5C1 /* CreateRace2StepViewController.m */; };
		7C17D3BC1CCFC26000672EB6 /* main.m in Sources */ = {isa = PBXBuildFile; fileRef = 7C17D3BB1CCFC26000672EB6 /* main.m */; };
		7C17D3BF1CCFC26000672EB6 /* AppDelegate.m in Sources */ = {isa = PBXBuildFile; fileRef = 7C17D3BE1CCFC26000672EB6 /* AppDelegate.m */; };
		7C17D3C71CCFC26000672EB6 /* Assets.xcassets in Resources */ = {isa = PBXBuildFile; fileRef = 7C17D3C61CCFC26000672EB6 /* Assets.xcassets */; };
		7C17D3CA1CCFC26000672EB6 /* LaunchScreen.storyboard in Resources */ = {isa = PBXBuildFile; fileRef = 7C17D3C81CCFC26000672EB6 /* LaunchScreen.storyboard */; };
		7C1E49DF1D12DCF50028F5BD /* UIView+CustomAnimations.m in Sources */ = {isa = PBXBuildFile; fileRef = 7C1E49DE1D12DCF50028F5BD /* UIView+CustomAnimations.m */; };
		7C28461F1D09C171002EA8A4 /* UserProfile.m in Sources */ = {isa = PBXBuildFile; fileRef = 7C28461E1D09C171002EA8A4 /* UserProfile.m */; };
		7C514B811CFB1BB900A23923 /* AccountViewController.m in Sources */ = {isa = PBXBuildFile; fileRef = 7C514B801CFB1BB900A23923 /* AccountViewController.m */; };
		7C514B841CFB1BC800A23923 /* AccountView.m in Sources */ = {isa = PBXBuildFile; fileRef = 7C514B831CFB1BC800A23923 /* AccountView.m */; };
		7C7783FA1D09D8C800142ED5 /* ArrayDataSource.m in Sources */ = {isa = PBXBuildFile; fileRef = 7C7783F91D09D8C800142ED5 /* ArrayDataSource.m */; };
		7C9FC3141CCFDA9900498273 /* RaceView.m in Sources */ = {isa = PBXBuildFile; fileRef = 7C9FC30C1CCFDA9900498273 /* RaceView.m */; };
		7C9FC3151CCFDA9900498273 /* RaceViewController.m in Sources */ = {isa = PBXBuildFile; fileRef = 7C9FC30E1CCFDA9900498273 /* RaceViewController.m */; };
		7C9FC3161CCFDA9900498273 /* ScheduleView.m in Sources */ = {isa = PBXBuildFile; fileRef = 7C9FC3111CCFDA9900498273 /* ScheduleView.m */; };
		7C9FC3171CCFDA9900498273 /* ScheduleViewController.m in Sources */ = {isa = PBXBuildFile; fileRef = 7C9FC3131CCFDA9900498273 /* ScheduleViewController.m */; };
		7C9FC31C1CCFDAA900498273 /* Race.m in Sources */ = {isa = PBXBuildFile; fileRef = 7C9FC31B1CCFDAA900498273 /* Race.m */; };
		7CA64F981CD8E62500FB55B3 /* EventMembersViewController.m in Sources */ = {isa = PBXBuildFile; fileRef = 7CA64F971CD8E62500FB55B3 /* EventMembersViewController.m */; };
		7CA64F9B1CD8E79A00FB55B3 /* EventMembersView.m in Sources */ = {isa = PBXBuildFile; fileRef = 7CA64F9A1CD8E79A00FB55B3 /* EventMembersView.m */; };
		7CA64F9F1CD8F49600FB55B3 /* User.m in Sources */ = {isa = PBXBuildFile; fileRef = 7CA64F9E1CD8F49600FB55B3 /* User.m */; };
		7CAC73F71CD263EB007140C5 /* ScheduleTableViewCell.m in Sources */ = {isa = PBXBuildFile; fileRef = 7CAC73F61CD263EB007140C5 /* ScheduleTableViewCell.m */; };
		7CC86FAA1CFDE9BE006483DD /* FileStorage.m in Sources */ = {isa = PBXBuildFile; fileRef = 7CC86FA91CFDE9BE006483DD /* FileStorage.m */; };
		7CC86FAE1CFDF4C5006483DD /* RaceStorage.m in Sources */ = {isa = PBXBuildFile; fileRef = 7CC86FAD1CFDF4C5006483DD /* RaceStorage.m */; };
		7CCDCE281CEA11B400D12578 /* SchedulesTabBarViewController.m in Sources */ = {isa = PBXBuildFile; fileRef = 7CCDCE271CEA11B400D12578 /* SchedulesTabBarViewController.m */; };
		7CD164071D009D2600F9F652 /* RacePointAnnotation.m in Sources */ = {isa = PBXBuildFile; fileRef = 7CD164061D009D2600F9F652 /* RacePointAnnotation.m */; };
		AFEBECC2D91438791289C901 /* libPods-mobileStudioProject1.a in Frameworks */ = {isa = PBXBuildFile; fileRef = D36F7937B168B84206CB91A7 /* libPods-mobileStudioProject1.a */; };
/* End PBXBuildFile section */

/* Begin PBXFileReference section */
		116DE5E237991FB4899CC101 /* Pods-mobileStudioProject1.debug.xcconfig */ = {isa = PBXFileReference; includeInIndex = 1; lastKnownFileType = text.xcconfig; name = "Pods-mobileStudioProject1.debug.xcconfig"; path = "Pods/Target Support Files/Pods-mobileStudioProject1/Pods-mobileStudioProject1.debug.xcconfig"; sourceTree = "<group>"; };
		7C040B0A1CEA7987000FC5C1 /* LoginViewController.h */ = {isa = PBXFileReference; fileEncoding = 4; lastKnownFileType = sourcecode.c.h; path = LoginViewController.h; sourceTree = "<group>"; };
		7C040B0B1CEA7987000FC5C1 /* LoginViewController.m */ = {isa = PBXFileReference; fileEncoding = 4; lastKnownFileType = sourcecode.c.objc; path = LoginViewController.m; sourceTree = "<group>"; };
		7C040B0D1CEA7997000FC5C1 /* LoginView.h */ = {isa = PBXFileReference; fileEncoding = 4; lastKnownFileType = sourcecode.c.h; path = LoginView.h; sourceTree = "<group>"; };
		7C040B0E1CEA7997000FC5C1 /* LoginView.m */ = {isa = PBXFileReference; fileEncoding = 4; lastKnownFileType = sourcecode.c.objc; path = LoginView.m; sourceTree = "<group>"; };
		7C040B111CEB73A9000FC5C1 /* CreateRaceViewController.h */ = {isa = PBXFileReference; fileEncoding = 4; lastKnownFileType = sourcecode.c.h; path = CreateRaceViewController.h; sourceTree = "<group>"; };
		7C040B121CEB73A9000FC5C1 /* CreateRaceViewController.m */ = {isa = PBXFileReference; fileEncoding = 4; lastKnownFileType = sourcecode.c.objc; path = CreateRaceViewController.m; sourceTree = "<group>"; };
		7C040B141CEB73BA000FC5C1 /* CreateRaceView.h */ = {isa = PBXFileReference; fileEncoding = 4; lastKnownFileType = sourcecode.c.h; path = CreateRaceView.h; sourceTree = "<group>"; };
		7C040B151CEB73BA000FC5C1 /* CreateRaceView.m */ = {isa = PBXFileReference; fileEncoding = 4; lastKnownFileType = sourcecode.c.objc; path = CreateRaceView.m; sourceTree = "<group>"; };
		7C040B181CECB314000FC5C1 /* CreateRace2StepView.h */ = {isa = PBXFileReference; fileEncoding = 4; lastKnownFileType = sourcecode.c.h; path = CreateRace2StepView.h; sourceTree = "<group>"; };
		7C040B191CECB314000FC5C1 /* CreateRace2StepView.m */ = {isa = PBXFileReference; fileEncoding = 4; lastKnownFileType = sourcecode.c.objc; path = CreateRace2StepView.m; sourceTree = "<group>"; };
		7C040B1B1CECB327000FC5C1 /* CreateRace2StepViewController.h */ = {isa = PBXFileReference; fileEncoding = 4; lastKnownFileType = sourcecode.c.h; path = CreateRace2StepViewController.h; sourceTree = "<group>"; };
		7C040B1C1CECB327000FC5C1 /* CreateRace2StepViewController.m */ = {isa = PBXFileReference; fileEncoding = 4; lastKnownFileType = sourcecode.c.objc; path = CreateRace2StepViewController.m; sourceTree = "<group>"; };
		7C17D3B71CCFC26000672EB6 /* mobileStudioProject1.app */ = {isa = PBXFileReference; explicitFileType = wrapper.application; includeInIndex = 0; path = mobileStudioProject1.app; sourceTree = BUILT_PRODUCTS_DIR; };
		7C17D3BB1CCFC26000672EB6 /* main.m */ = {isa = PBXFileReference; lastKnownFileType = sourcecode.c.objc; path = main.m; sourceTree = "<group>"; };
		7C17D3BD1CCFC26000672EB6 /* AppDelegate.h */ = {isa = PBXFileReference; lastKnownFileType = sourcecode.c.h; path = AppDelegate.h; sourceTree = "<group>"; };
		7C17D3BE1CCFC26000672EB6 /* AppDelegate.m */ = {isa = PBXFileReference; lastKnownFileType = sourcecode.c.objc; path = AppDelegate.m; sourceTree = "<group>"; };
		7C17D3C61CCFC26000672EB6 /* Assets.xcassets */ = {isa = PBXFileReference; lastKnownFileType = folder.assetcatalog; path = Assets.xcassets; sourceTree = "<group>"; };
		7C17D3C91CCFC26000672EB6 /* Base */ = {isa = PBXFileReference; lastKnownFileType = file.storyboard; name = Base; path = Base.lproj/LaunchScreen.storyboard; sourceTree = "<group>"; };
		7C17D3CB1CCFC26000672EB6 /* Info.plist */ = {isa = PBXFileReference; lastKnownFileType = text.plist.xml; path = Info.plist; sourceTree = "<group>"; };
		7C1E49DD1D12DCF50028F5BD /* UIView+CustomAnimations.h */ = {isa = PBXFileReference; fileEncoding = 4; lastKnownFileType = sourcecode.c.h; path = "UIView+CustomAnimations.h"; sourceTree = "<group>"; };
		7C1E49DE1D12DCF50028F5BD /* UIView+CustomAnimations.m */ = {isa = PBXFileReference; fileEncoding = 4; lastKnownFileType = sourcecode.c.objc; path = "UIView+CustomAnimations.m"; sourceTree = "<group>"; };
		7C28461D1D09C171002EA8A4 /* UserProfile.h */ = {isa = PBXFileReference; fileEncoding = 4; lastKnownFileType = sourcecode.c.h; path = UserProfile.h; sourceTree = "<group>"; };
		7C28461E1D09C171002EA8A4 /* UserProfile.m */ = {isa = PBXFileReference; fileEncoding = 4; lastKnownFileType = sourcecode.c.objc; path = UserProfile.m; sourceTree = "<group>"; };
		7C514B7F1CFB1BB900A23923 /* AccountViewController.h */ = {isa = PBXFileReference; fileEncoding = 4; lastKnownFileType = sourcecode.c.h; path = AccountViewController.h; sourceTree = "<group>"; };
		7C514B801CFB1BB900A23923 /* AccountViewController.m */ = {isa = PBXFileReference; fileEncoding = 4; lastKnownFileType = sourcecode.c.objc; path = AccountViewController.m; sourceTree = "<group>"; };
		7C514B821CFB1BC800A23923 /* AccountView.h */ = {isa = PBXFileReference; fileEncoding = 4; lastKnownFileType = sourcecode.c.h; path = AccountView.h; sourceTree = "<group>"; };
		7C514B831CFB1BC800A23923 /* AccountView.m */ = {isa = PBXFileReference; fileEncoding = 4; lastKnownFileType = sourcecode.c.objc; path = AccountView.m; sourceTree = "<group>"; };
		7C7783F81D09D8C800142ED5 /* ArrayDataSource.h */ = {isa = PBXFileReference; fileEncoding = 4; lastKnownFileType = sourcecode.c.h; path = ArrayDataSource.h; sourceTree = "<group>"; };
		7C7783F91D09D8C800142ED5 /* ArrayDataSource.m */ = {isa = PBXFileReference; fileEncoding = 4; lastKnownFileType = sourcecode.c.objc; path = ArrayDataSource.m; sourceTree = "<group>"; };
		7C9FC30B1CCFDA9900498273 /* RaceView.h */ = {isa = PBXFileReference; fileEncoding = 4; lastKnownFileType = sourcecode.c.h; path = RaceView.h; sourceTree = "<group>"; };
		7C9FC30C1CCFDA9900498273 /* RaceView.m */ = {isa = PBXFileReference; fileEncoding = 4; lastKnownFileType = sourcecode.c.objc; path = RaceView.m; sourceTree = "<group>"; };
		7C9FC30D1CCFDA9900498273 /* RaceViewController.h */ = {isa = PBXFileReference; fileEncoding = 4; lastKnownFileType = sourcecode.c.h; path = RaceViewController.h; sourceTree = "<group>"; };
		7C9FC30E1CCFDA9900498273 /* RaceViewController.m */ = {isa = PBXFileReference; fileEncoding = 4; lastKnownFileType = sourcecode.c.objc; path = RaceViewController.m; sourceTree = "<group>"; };
		7C9FC3101CCFDA9900498273 /* ScheduleView.h */ = {isa = PBXFileReference; fileEncoding = 4; lastKnownFileType = sourcecode.c.h; path = ScheduleView.h; sourceTree = "<group>"; };
		7C9FC3111CCFDA9900498273 /* ScheduleView.m */ = {isa = PBXFileReference; fileEncoding = 4; lastKnownFileType = sourcecode.c.objc; path = ScheduleView.m; sourceTree = "<group>"; };
		7C9FC3121CCFDA9900498273 /* ScheduleViewController.h */ = {isa = PBXFileReference; fileEncoding = 4; lastKnownFileType = sourcecode.c.h; path = ScheduleViewController.h; sourceTree = "<group>"; };
		7C9FC3131CCFDA9900498273 /* ScheduleViewController.m */ = {isa = PBXFileReference; fileEncoding = 4; lastKnownFileType = sourcecode.c.objc; path = ScheduleViewController.m; sourceTree = "<group>"; };
		7C9FC31A1CCFDAA900498273 /* Race.h */ = {isa = PBXFileReference; fileEncoding = 4; lastKnownFileType = sourcecode.c.h; path = Race.h; sourceTree = "<group>"; };
		7C9FC31B1CCFDAA900498273 /* Race.m */ = {isa = PBXFileReference; fileEncoding = 4; lastKnownFileType = sourcecode.c.objc; path = Race.m; sourceTree = "<group>"; };
		7CA64F961CD8E62500FB55B3 /* EventMembersViewController.h */ = {isa = PBXFileReference; fileEncoding = 4; lastKnownFileType = sourcecode.c.h; path = EventMembersViewController.h; sourceTree = "<group>"; };
		7CA64F971CD8E62500FB55B3 /* EventMembersViewController.m */ = {isa = PBXFileReference; fileEncoding = 4; lastKnownFileType = sourcecode.c.objc; path = EventMembersViewController.m; sourceTree = "<group>"; };
		7CA64F991CD8E79A00FB55B3 /* EventMembersView.h */ = {isa = PBXFileReference; fileEncoding = 4; lastKnownFileType = sourcecode.c.h; path = EventMembersView.h; sourceTree = "<group>"; };
		7CA64F9A1CD8E79A00FB55B3 /* EventMembersView.m */ = {isa = PBXFileReference; fileEncoding = 4; lastKnownFileType = sourcecode.c.objc; path = EventMembersView.m; sourceTree = "<group>"; };
		7CA64F9D1CD8F49600FB55B3 /* User.h */ = {isa = PBXFileReference; fileEncoding = 4; lastKnownFileType = sourcecode.c.h; path = User.h; sourceTree = "<group>"; };
		7CA64F9E1CD8F49600FB55B3 /* User.m */ = {isa = PBXFileReference; fileEncoding = 4; lastKnownFileType = sourcecode.c.objc; path = User.m; sourceTree = "<group>"; };
		7CAC73F51CD263EB007140C5 /* ScheduleTableViewCell.h */ = {isa = PBXFileReference; fileEncoding = 4; lastKnownFileType = sourcecode.c.h; path = ScheduleTableViewCell.h; sourceTree = "<group>"; };
		7CAC73F61CD263EB007140C5 /* ScheduleTableViewCell.m */ = {isa = PBXFileReference; fileEncoding = 4; lastKnownFileType = sourcecode.c.objc; path = ScheduleTableViewCell.m; sourceTree = "<group>"; };
		7CC86FA81CFDE9BE006483DD /* FileStorage.h */ = {isa = PBXFileReference; fileEncoding = 4; lastKnownFileType = sourcecode.c.h; path = FileStorage.h; sourceTree = "<group>"; };
		7CC86FA91CFDE9BE006483DD /* FileStorage.m */ = {isa = PBXFileReference; fileEncoding = 4; lastKnownFileType = sourcecode.c.objc; path = FileStorage.m; sourceTree = "<group>"; };
		7CC86FAC1CFDF4C5006483DD /* RaceStorage.h */ = {isa = PBXFileReference; fileEncoding = 4; lastKnownFileType = sourcecode.c.h; path = RaceStorage.h; sourceTree = "<group>"; };
		7CC86FAD1CFDF4C5006483DD /* RaceStorage.m */ = {isa = PBXFileReference; fileEncoding = 4; lastKnownFileType = sourcecode.c.objc; path = RaceStorage.m; sourceTree = "<group>"; };
		7CCDCE261CEA11B400D12578 /* SchedulesTabBarViewController.h */ = {isa = PBXFileReference; fileEncoding = 4; lastKnownFileType = sourcecode.c.h; path = SchedulesTabBarViewController.h; sourceTree = "<group>"; };
		7CCDCE271CEA11B400D12578 /* SchedulesTabBarViewController.m */ = {isa = PBXFileReference; fileEncoding = 4; lastKnownFileType = sourcecode.c.objc; path = SchedulesTabBarViewController.m; sourceTree = "<group>"; };
		7CD164051D009D2600F9F652 /* RacePointAnnotation.h */ = {isa = PBXFileReference; fileEncoding = 4; lastKnownFileType = sourcecode.c.h; path = RacePointAnnotation.h; sourceTree = "<group>"; };
		7CD164061D009D2600F9F652 /* RacePointAnnotation.m */ = {isa = PBXFileReference; fileEncoding = 4; lastKnownFileType = sourcecode.c.objc; path = RacePointAnnotation.m; sourceTree = "<group>"; };
		CABC0370FD98A8D63656AAEB /* Pods-mobileStudioProject1.release.xcconfig */ = {isa = PBXFileReference; includeInIndex = 1; lastKnownFileType = text.xcconfig; name = "Pods-mobileStudioProject1.release.xcconfig"; path = "Pods/Target Support Files/Pods-mobileStudioProject1/Pods-mobileStudioProject1.release.xcconfig"; sourceTree = "<group>"; };
		D36F7937B168B84206CB91A7 /* libPods-mobileStudioProject1.a */ = {isa = PBXFileReference; explicitFileType = archive.ar; includeInIndex = 0; path = "libPods-mobileStudioProject1.a"; sourceTree = BUILT_PRODUCTS_DIR; };
/* End PBXFileReference section */

/* Begin PBXFrameworksBuildPhase section */
		7C17D3B41CCFC26000672EB6 /* Frameworks */ = {
			isa = PBXFrameworksBuildPhase;
			buildActionMask = 2147483647;
			files = (
				AFEBECC2D91438791289C901 /* libPods-mobileStudioProject1.a in Frameworks */,
			);
			runOnlyForDeploymentPostprocessing = 0;
		};
/* End PBXFrameworksBuildPhase section */

/* Begin PBXGroup section */
		0F27EB74C33CB95670DF0299 /* Frameworks */ = {
			isa = PBXGroup;
			children = (
				D36F7937B168B84206CB91A7 /* libPods-mobileStudioProject1.a */,
			);
			name = Frameworks;
			sourceTree = "<group>";
		};
		5762E20CD93D3150DD34E15F /* Pods */ = {
			isa = PBXGroup;
			children = (
				116DE5E237991FB4899CC101 /* Pods-mobileStudioProject1.debug.xcconfig */,
				CABC0370FD98A8D63656AAEB /* Pods-mobileStudioProject1.release.xcconfig */,
			);
			name = Pods;
			sourceTree = "<group>";
		};
		7C040B091CEA7964000FC5C1 /* LoginViewController */ = {
			isa = PBXGroup;
			children = (
				7C040B0A1CEA7987000FC5C1 /* LoginViewController.h */,
				7C040B0B1CEA7987000FC5C1 /* LoginViewController.m */,
				7C040B0D1CEA7997000FC5C1 /* LoginView.h */,
				7C040B0E1CEA7997000FC5C1 /* LoginView.m */,
			);
			path = LoginViewController;
			sourceTree = "<group>";
		};
		7C040B101CEB736C000FC5C1 /* CreateEventViewController */ = {
			isa = PBXGroup;
			children = (
				7C040B111CEB73A9000FC5C1 /* CreateRaceViewController.h */,
				7C040B121CEB73A9000FC5C1 /* CreateRaceViewController.m */,
				7C040B141CEB73BA000FC5C1 /* CreateRaceView.h */,
				7C040B151CEB73BA000FC5C1 /* CreateRaceView.m */,
			);
			path = CreateEventViewController;
			sourceTree = "<group>";
		};
		7C040B171CECB2FE000FC5C1 /* CreateEvent2StepViewController */ = {
			isa = PBXGroup;
			children = (
				7C040B1B1CECB327000FC5C1 /* CreateRace2StepViewController.h */,
				7C040B1C1CECB327000FC5C1 /* CreateRace2StepViewController.m */,
				7C040B181CECB314000FC5C1 /* CreateRace2StepView.h */,
				7C040B191CECB314000FC5C1 /* CreateRace2StepView.m */,
			);
			path = CreateEvent2StepViewController;
			sourceTree = "<group>";
		};
		7C17D3AE1CCFC26000672EB6 = {
			isa = PBXGroup;
			children = (
				7C17D3B91CCFC26000672EB6 /* mobileStudioProject1 */,
				7C17D3B81CCFC26000672EB6 /* Products */,
				5762E20CD93D3150DD34E15F /* Pods */,
				0F27EB74C33CB95670DF0299 /* Frameworks */,
			);
			sourceTree = "<group>";
		};
		7C17D3B81CCFC26000672EB6 /* Products */ = {
			isa = PBXGroup;
			children = (
				7C17D3B71CCFC26000672EB6 /* mobileStudioProject1.app */,
			);
			name = Products;
			sourceTree = "<group>";
		};
		7C17D3B91CCFC26000672EB6 /* mobileStudioProject1 */ = {
			isa = PBXGroup;
			children = (
				7C2846201D09D528002EA8A4 /* Helpers */,
				7C9FC3181CCFDAA900498273 /* Model */,
				7C9FC3091CCFDA9900498273 /* ViewControllers */,
				7C17D3BD1CCFC26000672EB6 /* AppDelegate.h */,
				7C17D3BE1CCFC26000672EB6 /* AppDelegate.m */,
				7C17D3C61CCFC26000672EB6 /* Assets.xcassets */,
				7C17D3C81CCFC26000672EB6 /* LaunchScreen.storyboard */,
				7C17D3CB1CCFC26000672EB6 /* Info.plist */,
				7C17D3BA1CCFC26000672EB6 /* Supporting Files */,
			);
			path = mobileStudioProject1;
			sourceTree = "<group>";
		};
		7C17D3BA1CCFC26000672EB6 /* Supporting Files */ = {
			isa = PBXGroup;
			children = (
				7C17D3BB1CCFC26000672EB6 /* main.m */,
			);
			name = "Supporting Files";
			sourceTree = "<group>";
		};
		7C1E49DC1D12DCE10028F5BD /* UIView+CustomAnimations */ = {
			isa = PBXGroup;
			children = (
				7C1E49DD1D12DCF50028F5BD /* UIView+CustomAnimations.h */,
				7C1E49DE1D12DCF50028F5BD /* UIView+CustomAnimations.m */,
			);
			name = "UIView+CustomAnimations";
			path = "NSObject+CustomAnimations";
			sourceTree = "<group>";
		};
		7C28461C1D09C0A1002EA8A4 /* UserProfile */ = {
			isa = PBXGroup;
			children = (
				7C28461D1D09C171002EA8A4 /* UserProfile.h */,
				7C28461E1D09C171002EA8A4 /* UserProfile.m */,
			);
			path = UserProfile;
			sourceTree = "<group>";
		};
		7C2846201D09D528002EA8A4 /* Helpers */ = {
			isa = PBXGroup;
			children = (
				7C1E49DC1D12DCE10028F5BD /* UIView+CustomAnimations */,
				7C7783F11D09D57200142ED5 /* ArrayDataSource */,
			);
			path = Helpers;
			sourceTree = "<group>";
		};
		7C514B7E1CFB1B9E00A23923 /* AccountViewController */ = {
			isa = PBXGroup;
			children = (
				7C514B7F1CFB1BB900A23923 /* AccountViewController.h */,
				7C514B801CFB1BB900A23923 /* AccountViewController.m */,
				7C514B821CFB1BC800A23923 /* AccountView.h */,
				7C514B831CFB1BC800A23923 /* AccountView.m */,
			);
			path = AccountViewController;
			sourceTree = "<group>";
		};
		7C7783F11D09D57200142ED5 /* ArrayDataSource */ = {
			isa = PBXGroup;
			children = (
				7C7783F81D09D8C800142ED5 /* ArrayDataSource.h */,
				7C7783F91D09D8C800142ED5 /* ArrayDataSource.m */,
			);
			path = ArrayDataSource;
			sourceTree = "<group>";
		};
		7C9FC3091CCFDA9900498273 /* ViewControllers */ = {
			isa = PBXGroup;
			children = (
				7C040B171CECB2FE000FC5C1 /* CreateEvent2StepViewController */,
				7C040B101CEB736C000FC5C1 /* CreateEventViewController */,
				7C040B091CEA7964000FC5C1 /* LoginViewController */,
				7CCDCE221CEA0BD900D12578 /* SchedulesTabBarViewController */,
				7CA64F951CD8E60700FB55B3 /* EventMembersViewController */,
				7CAC73EB1CD26170007140C5 /* ScheduleCellViewController */,
				7C9FC30A1CCFDA9900498273 /* RaceViewController */,
				7C514B7E1CFB1B9E00A23923 /* AccountViewController */,
				7C9FC30F1CCFDA9900498273 /* ScheduleViewContoller */,
			);
			path = ViewControllers;
			sourceTree = "<group>";
		};
		7C9FC30A1CCFDA9900498273 /* RaceViewController */ = {
			isa = PBXGroup;
			children = (
				7C9FC30B1CCFDA9900498273 /* RaceView.h */,
				7C9FC30C1CCFDA9900498273 /* RaceView.m */,
				7C9FC30D1CCFDA9900498273 /* RaceViewController.h */,
				7C9FC30E1CCFDA9900498273 /* RaceViewController.m */,
			);
			name = RaceViewController;
			path = ScheduleItemViewController;
			sourceTree = "<group>";
		};
		7C9FC30F1CCFDA9900498273 /* ScheduleViewContoller */ = {
			isa = PBXGroup;
			children = (
				7C9FC3101CCFDA9900498273 /* ScheduleView.h */,
				7C9FC3111CCFDA9900498273 /* ScheduleView.m */,
				7C9FC3121CCFDA9900498273 /* ScheduleViewController.h */,
				7C9FC3131CCFDA9900498273 /* ScheduleViewController.m */,
			);
			path = ScheduleViewContoller;
			sourceTree = "<group>";
		};
		7C9FC3181CCFDAA900498273 /* Model */ = {
			isa = PBXGroup;
			children = (
				7C28461C1D09C0A1002EA8A4 /* UserProfile */,
				7CD164041D009CC100F9F652 /* RaceAnnotation */,
				7CC86FAB1CFDF4B1006483DD /* RaceStorage */,
				7CC86FA71CFDE982006483DD /* FileStorage */,
				7CA64F9C1CD8F48500FB55B3 /* User */,
				7C9FC3191CCFDAA900498273 /* Race */,
			);
			path = Model;
			sourceTree = "<group>";
		};
		7C9FC3191CCFDAA900498273 /* Race */ = {
			isa = PBXGroup;
			children = (
				7C9FC31A1CCFDAA900498273 /* Race.h */,
				7C9FC31B1CCFDAA900498273 /* Race.m */,
			);
			name = Race;
			path = ScheduleItem;
			sourceTree = "<group>";
		};
		7CA64F951CD8E60700FB55B3 /* EventMembersViewController */ = {
			isa = PBXGroup;
			children = (
				7CA64F961CD8E62500FB55B3 /* EventMembersViewController.h */,
				7CA64F971CD8E62500FB55B3 /* EventMembersViewController.m */,
				7CA64F991CD8E79A00FB55B3 /* EventMembersView.h */,
				7CA64F9A1CD8E79A00FB55B3 /* EventMembersView.m */,
			);
			path = EventMembersViewController;
			sourceTree = "<group>";
		};
		7CA64F9C1CD8F48500FB55B3 /* User */ = {
			isa = PBXGroup;
			children = (
				7CA64F9D1CD8F49600FB55B3 /* User.h */,
				7CA64F9E1CD8F49600FB55B3 /* User.m */,
			);
			name = User;
			path = Member;
			sourceTree = "<group>";
		};
		7CAC73EB1CD26170007140C5 /* ScheduleCellViewController */ = {
			isa = PBXGroup;
			children = (
				7CAC73F51CD263EB007140C5 /* ScheduleTableViewCell.h */,
				7CAC73F61CD263EB007140C5 /* ScheduleTableViewCell.m */,
			);
			path = ScheduleCellViewController;
			sourceTree = "<group>";
		};
		7CC86FA71CFDE982006483DD /* FileStorage */ = {
			isa = PBXGroup;
			children = (
				7CC86FA81CFDE9BE006483DD /* FileStorage.h */,
				7CC86FA91CFDE9BE006483DD /* FileStorage.m */,
			);
			path = FileStorage;
			sourceTree = "<group>";
		};
		7CC86FAB1CFDF4B1006483DD /* RaceStorage */ = {
			isa = PBXGroup;
			children = (
				7CC86FAC1CFDF4C5006483DD /* RaceStorage.h */,
				7CC86FAD1CFDF4C5006483DD /* RaceStorage.m */,
			);
			name = RaceStorage;
			path = FileStorage/RaceStorage;
			sourceTree = "<group>";
		};
		7CCDCE221CEA0BD900D12578 /* SchedulesTabBarViewController */ = {
			isa = PBXGroup;
			children = (
				7CCDCE261CEA11B400D12578 /* SchedulesTabBarViewController.h */,
				7CCDCE271CEA11B400D12578 /* SchedulesTabBarViewController.m */,
			);
			path = SchedulesTabBarViewController;
			sourceTree = "<group>";
		};
		7CD164041D009CC100F9F652 /* RaceAnnotation */ = {
			isa = PBXGroup;
			children = (
				7CD164051D009D2600F9F652 /* RacePointAnnotation.h */,
				7CD164061D009D2600F9F652 /* RacePointAnnotation.m */,
			);
			path = RaceAnnotation;
			sourceTree = "<group>";
		};
/* End PBXGroup section */

/* Begin PBXNativeTarget section */
		7C17D3B61CCFC26000672EB6 /* mobileStudioProject1 */ = {
			isa = PBXNativeTarget;
			buildConfigurationList = 7C17D3CE1CCFC26000672EB6 /* Build configuration list for PBXNativeTarget "mobileStudioProject1" */;
			buildPhases = (
				CCF2CB50854C930CE0E1F23C /* Check Pods Manifest.lock */,
				7C17D3B31CCFC26000672EB6 /* Sources */,
				7C17D3B41CCFC26000672EB6 /* Frameworks */,
				7C17D3B51CCFC26000672EB6 /* Resources */,
				3EDFF8433161528838F56CAA /* Embed Pods Frameworks */,
				8DB332AB0CE00BFFC685DC14 /* Copy Pods Resources */,
			);
			buildRules = (
			);
			dependencies = (
			);
			name = mobileStudioProject1;
			productName = mobileStudioProject1;
			productReference = 7C17D3B71CCFC26000672EB6 /* mobileStudioProject1.app */;
			productType = "com.apple.product-type.application";
		};
/* End PBXNativeTarget section */

/* Begin PBXProject section */
		7C17D3AF1CCFC26000672EB6 /* Project object */ = {
			isa = PBXProject;
			attributes = {
				LastUpgradeCheck = 0730;
				ORGANIZATIONNAME = "Oleg Morozov";
				TargetAttributes = {
					7C17D3B61CCFC26000672EB6 = {
						CreatedOnToolsVersion = 7.3;
						DevelopmentTeam = 679MPZRNRM;
					};
				};
			};
			buildConfigurationList = 7C17D3B21CCFC26000672EB6 /* Build configuration list for PBXProject "mobileStudioProject1" */;
			compatibilityVersion = "Xcode 3.2";
			developmentRegion = English;
			hasScannedForEncodings = 0;
			knownRegions = (
				en,
				Base,
			);
			mainGroup = 7C17D3AE1CCFC26000672EB6;
			productRefGroup = 7C17D3B81CCFC26000672EB6 /* Products */;
			projectDirPath = "";
			projectRoot = "";
			targets = (
				7C17D3B61CCFC26000672EB6 /* mobileStudioProject1 */,
			);
		};
/* End PBXProject section */

/* Begin PBXResourcesBuildPhase section */
		7C17D3B51CCFC26000672EB6 /* Resources */ = {
			isa = PBXResourcesBuildPhase;
			buildActionMask = 2147483647;
			files = (
				7C17D3CA1CCFC26000672EB6 /* LaunchScreen.storyboard in Resources */,
				7C17D3C71CCFC26000672EB6 /* Assets.xcassets in Resources */,
			);
			runOnlyForDeploymentPostprocessing = 0;
		};
/* End PBXResourcesBuildPhase section */

/* Begin PBXShellScriptBuildPhase section */
		3EDFF8433161528838F56CAA /* Embed Pods Frameworks */ = {
			isa = PBXShellScriptBuildPhase;
			buildActionMask = 2147483647;
			files = (
			);
			inputPaths = (
			);
			name = "Embed Pods Frameworks";
			outputPaths = (
			);
			runOnlyForDeploymentPostprocessing = 0;
			shellPath = /bin/sh;
			shellScript = "\"${SRCROOT}/Pods/Target Support Files/Pods-mobileStudioProject1/Pods-mobileStudioProject1-frameworks.sh\"\n";
			showEnvVarsInLog = 0;
		};
		8DB332AB0CE00BFFC685DC14 /* Copy Pods Resources */ = {
			isa = PBXShellScriptBuildPhase;
			buildActionMask = 2147483647;
			files = (
			);
			inputPaths = (
			);
			name = "Copy Pods Resources";
			outputPaths = (
			);
			runOnlyForDeploymentPostprocessing = 0;
			shellPath = /bin/sh;
			shellScript = "\"${SRCROOT}/Pods/Target Support Files/Pods-mobileStudioProject1/Pods-mobileStudioProject1-resources.sh\"\n";
			showEnvVarsInLog = 0;
		};
		CCF2CB50854C930CE0E1F23C /* Check Pods Manifest.lock */ = {
			isa = PBXShellScriptBuildPhase;
			buildActionMask = 2147483647;
			files = (
			);
			inputPaths = (
			);
			name = "Check Pods Manifest.lock";
			outputPaths = (
			);
			runOnlyForDeploymentPostprocessing = 0;
			shellPath = /bin/sh;
			shellScript = "diff \"${PODS_ROOT}/../Podfile.lock\" \"${PODS_ROOT}/Manifest.lock\" > /dev/null\nif [[ $? != 0 ]] ; then\n    cat << EOM\nerror: The sandbox is not in sync with the Podfile.lock. Run 'pod install' or update your CocoaPods installation.\nEOM\n    exit 1\nfi\n";
			showEnvVarsInLog = 0;
		};
/* End PBXShellScriptBuildPhase section */

/* Begin PBXSourcesBuildPhase section */
		7C17D3B31CCFC26000672EB6 /* Sources */ = {
			isa = PBXSourcesBuildPhase;
			buildActionMask = 2147483647;
			files = (
				7CA64F9F1CD8F49600FB55B3 /* User.m in Sources */,
				7CD164071D009D2600F9F652 /* RacePointAnnotation.m in Sources */,
				7C040B131CEB73A9000FC5C1 /* CreateRaceViewController.m in Sources */,
				7C17D3BF1CCFC26000672EB6 /* AppDelegate.m in Sources */,
				7C040B1A1CECB314000FC5C1 /* CreateRace2StepView.m in Sources */,
				7C514B841CFB1BC800A23923 /* AccountView.m in Sources */,
				7C040B0F1CEA7997000FC5C1 /* LoginView.m in Sources */,
				7C040B0C1CEA7987000FC5C1 /* LoginViewController.m in Sources */,
				7C7783FA1D09D8C800142ED5 /* ArrayDataSource.m in Sources */,
				7C28461F1D09C171002EA8A4 /* UserProfile.m in Sources */,
				7C9FC3171CCFDA9900498273 /* ScheduleViewController.m in Sources */,
				7C17D3BC1CCFC26000672EB6 /* main.m in Sources */,
				7CC86FAA1CFDE9BE006483DD /* FileStorage.m in Sources */,
				7CA64F9B1CD8E79A00FB55B3 /* EventMembersView.m in Sources */,
				7C9FC3161CCFDA9900498273 /* ScheduleView.m in Sources */,
				7C514B811CFB1BB900A23923 /* AccountViewController.m in Sources */,
				7C9FC3141CCFDA9900498273 /* RaceView.m in Sources */,
				7CA64F981CD8E62500FB55B3 /* EventMembersViewController.m in Sources */,
				7CAC73F71CD263EB007140C5 /* ScheduleTableViewCell.m in Sources */,
				7C1E49DF1D12DCF50028F5BD /* UIView+CustomAnimations.m in Sources */,
				7CC86FAE1CFDF4C5006483DD /* RaceStorage.m in Sources */,
				7CCDCE281CEA11B400D12578 /* SchedulesTabBarViewController.m in Sources */,
				7C040B161CEB73BA000FC5C1 /* CreateRaceView.m in Sources */,
				7C9FC31C1CCFDAA900498273 /* Race.m in Sources */,
				7C040B1D1CECB327000FC5C1 /* CreateRace2StepViewController.m in Sources */,
				7C9FC3151CCFDA9900498273 /* RaceViewController.m in Sources */,
			);
			runOnlyForDeploymentPostprocessing = 0;
		};
/* End PBXSourcesBuildPhase section */

/* Begin PBXVariantGroup section */
		7C17D3C81CCFC26000672EB6 /* LaunchScreen.storyboard */ = {
			isa = PBXVariantGroup;
			children = (
				7C17D3C91CCFC26000672EB6 /* Base */,
			);
			name = LaunchScreen.storyboard;
			sourceTree = "<group>";
		};
/* End PBXVariantGroup section */

/* Begin XCBuildConfiguration section */
		7C17D3CC1CCFC26000672EB6 /* Debug */ = {
			isa = XCBuildConfiguration;
			buildSettings = {
				ALWAYS_SEARCH_USER_PATHS = NO;
				CLANG_ANALYZER_NONNULL = YES;
				CLANG_CXX_LANGUAGE_STANDARD = "gnu++0x";
				CLANG_CXX_LIBRARY = "libc++";
				CLANG_ENABLE_MODULES = YES;
				CLANG_ENABLE_OBJC_ARC = YES;
				CLANG_WARN_BOOL_CONVERSION = YES;
				CLANG_WARN_CONSTANT_CONVERSION = YES;
				CLANG_WARN_DIRECT_OBJC_ISA_USAGE = YES_ERROR;
				CLANG_WARN_EMPTY_BODY = YES;
				CLANG_WARN_ENUM_CONVERSION = YES;
				CLANG_WARN_INT_CONVERSION = YES;
				CLANG_WARN_OBJC_ROOT_CLASS = YES_ERROR;
				CLANG_WARN_UNREACHABLE_CODE = YES;
				CLANG_WARN__DUPLICATE_METHOD_MATCH = YES;
				"CODE_SIGN_IDENTITY[sdk=iphoneos*]" = "iPhone Developer";
				COPY_PHASE_STRIP = NO;
				DEBUG_INFORMATION_FORMAT = dwarf;
				ENABLE_STRICT_OBJC_MSGSEND = YES;
				ENABLE_TESTABILITY = YES;
				GCC_C_LANGUAGE_STANDARD = gnu99;
				GCC_DYNAMIC_NO_PIC = NO;
				GCC_NO_COMMON_BLOCKS = YES;
				GCC_OPTIMIZATION_LEVEL = 0;
				GCC_PREPROCESSOR_DEFINITIONS = (
					"DEBUG=1",
					"$(inherited)",
				);
				GCC_WARN_64_TO_32_BIT_CONVERSION = YES;
				GCC_WARN_ABOUT_RETURN_TYPE = YES_ERROR;
				GCC_WARN_UNDECLARED_SELECTOR = YES;
				GCC_WARN_UNINITIALIZED_AUTOS = YES_AGGRESSIVE;
				GCC_WARN_UNUSED_FUNCTION = YES;
				GCC_WARN_UNUSED_VARIABLE = YES;
				IPHONEOS_DEPLOYMENT_TARGET = 9.3;
				MTL_ENABLE_DEBUG_INFO = YES;
				ONLY_ACTIVE_ARCH = YES;
				SDKROOT = iphoneos;
				TARGETED_DEVICE_FAMILY = "1,2";
			};
			name = Debug;
		};
		7C17D3CD1CCFC26000672EB6 /* Release */ = {
			isa = XCBuildConfiguration;
			buildSettings = {
				ALWAYS_SEARCH_USER_PATHS = NO;
				CLANG_ANALYZER_NONNULL = YES;
				CLANG_CXX_LANGUAGE_STANDARD = "gnu++0x";
				CLANG_CXX_LIBRARY = "libc++";
				CLANG_ENABLE_MODULES = YES;
				CLANG_ENABLE_OBJC_ARC = YES;
				CLANG_WARN_BOOL_CONVERSION = YES;
				CLANG_WARN_CONSTANT_CONVERSION = YES;
				CLANG_WARN_DIRECT_OBJC_ISA_USAGE = YES_ERROR;
				CLANG_WARN_EMPTY_BODY = YES;
				CLANG_WARN_ENUM_CONVERSION = YES;
				CLANG_WARN_INT_CONVERSION = YES;
				CLANG_WARN_OBJC_ROOT_CLASS = YES_ERROR;
				CLANG_WARN_UNREACHABLE_CODE = YES;
				CLANG_WARN__DUPLICATE_METHOD_MATCH = YES;
				"CODE_SIGN_IDENTITY[sdk=iphoneos*]" = "iPhone Developer";
				COPY_PHASE_STRIP = NO;
				DEBUG_INFORMATION_FORMAT = "dwarf-with-dsym";
				ENABLE_NS_ASSERTIONS = NO;
				ENABLE_STRICT_OBJC_MSGSEND = YES;
				GCC_C_LANGUAGE_STANDARD = gnu99;
				GCC_NO_COMMON_BLOCKS = YES;
				GCC_WARN_64_TO_32_BIT_CONVERSION = YES;
				GCC_WARN_ABOUT_RETURN_TYPE = YES_ERROR;
				GCC_WARN_UNDECLARED_SELECTOR = YES;
				GCC_WARN_UNINITIALIZED_AUTOS = YES_AGGRESSIVE;
				GCC_WARN_UNUSED_FUNCTION = YES;
				GCC_WARN_UNUSED_VARIABLE = YES;
				IPHONEOS_DEPLOYMENT_TARGET = 9.3;
				MTL_ENABLE_DEBUG_INFO = NO;
				SDKROOT = iphoneos;
				TARGETED_DEVICE_FAMILY = "1,2";
				VALIDATE_PRODUCT = YES;
			};
			name = Release;
		};
		7C17D3CF1CCFC26000672EB6 /* Debug */ = {
			isa = XCBuildConfiguration;
			baseConfigurationReference = 116DE5E237991FB4899CC101 /* Pods-mobileStudioProject1.debug.xcconfig */;
			buildSettings = {
				ASSETCATALOG_COMPILER_APPICON_NAME = AppIcon;
				INFOPLIST_FILE = mobileStudioProject1/Info.plist;
				LD_RUNPATH_SEARCH_PATHS = "$(inherited) @executable_path/Frameworks";
				PRODUCT_BUNDLE_IDENTIFIER = Mrzv.mobileStudioProject1;
				PRODUCT_NAME = "$(TARGET_NAME)";
			};
			name = Debug;
		};
		7C17D3D01CCFC26000672EB6 /* Release */ = {
			isa = XCBuildConfiguration;
			baseConfigurationReference = CABC0370FD98A8D63656AAEB /* Pods-mobileStudioProject1.release.xcconfig */;
			buildSettings = {
				ASSETCATALOG_COMPILER_APPICON_NAME = AppIcon;
				INFOPLIST_FILE = mobileStudioProject1/Info.plist;
				LD_RUNPATH_SEARCH_PATHS = "$(inherited) @executable_path/Frameworks";
				PRODUCT_BUNDLE_IDENTIFIER = Mrzv.mobileStudioProject1;
				PRODUCT_NAME = "$(TARGET_NAME)";
			};
			name = Release;
		};
/* End XCBuildConfiguration section */

/* Begin XCConfigurationList section */
		7C17D3B21CCFC26000672EB6 /* Build configuration list for PBXProject "mobileStudioProject1" */ = {
			isa = XCConfigurationList;
			buildConfigurations = (
				7C17D3CC1CCFC26000672EB6 /* Debug */,
				7C17D3CD1CCFC26000672EB6 /* Release */,
			);
			defaultConfigurationIsVisible = 0;
			defaultConfigurationName = Release;
		};
		7C17D3CE1CCFC26000672EB6 /* Build configuration list for PBXNativeTarget "mobileStudioProject1" */ = {
			isa = XCConfigurationList;
			buildConfigurations = (
				7C17D3CF1CCFC26000672EB6 /* Debug */,
				7C17D3D01CCFC26000672EB6 /* Release */,
			);
			defaultConfigurationIsVisible = 0;
			defaultConfigurationName = Release;
		};
/* End XCConfigurationList section */
	};
	rootObject = 7C17D3AF1CCFC26000672EB6 /* Project object */;
}
